
Microsoft Visual Studio Solution File, Format Version 12.00
# Visual Studio 15
VisualStudioVersion = 15.0.28307.421
MinimumVisualStudioVersion = 10.0.40219.1
Project("{FAE04EC0-301F-11D3-BF4B-00C04F79EFBC}") = "Cosmos", "Cosmos\Cosmos.csproj", "{6C0A8455-4741-40EF-90C9-ADD9D54C2C5F}"
EndProject
Project("{9A19103F-16F7-4668-BE54-9A1E7A4F7556}") = "CosmosLib", "..\CosmosLib\CosmosLib\CosmosLib.csproj", "{DAB40A81-20F5-4A5D-B08F-CC8BDDA63C67}"
EndProject
Global
	GlobalSection(SolutionConfigurationPlatforms) = preSolution
		Debug|Any CPU = Debug|Any CPU
		Release|Any CPU = Release|Any CPU
	EndGlobalSection
	GlobalSection(ProjectConfigurationPlatforms) = postSolution
		{6C0A8455-4741-40EF-90C9-ADD9D54C2C5F}.Debug|Any CPU.ActiveCfg = Debug|Any CPU
		{6C0A8455-4741-40EF-90C9-ADD9D54C2C5F}.Debug|Any CPU.Build.0 = Debug|Any CPU
		{6C0A8455-4741-40EF-90C9-ADD9D54C2C5F}.Release|Any CPU.ActiveCfg = Release|Any CPU
		{6C0A8455-4741-40EF-90C9-ADD9D54C2C5F}.Release|Any CPU.Build.0 = Release|Any CPU
		{DAB40A81-20F5-4A5D-B08F-CC8BDDA63C67}.Debug|Any CPU.ActiveCfg = Debug|Any CPU
		{DAB40A81-20F5-4A5D-B08F-CC8BDDA63C67}.Debug|Any CPU.Build.0 = Debug|Any CPU
		{DAB40A81-20F5-4A5D-B08F-CC8BDDA63C67}.Release|Any CPU.ActiveCfg = Release|Any CPU
		{DAB40A81-20F5-4A5D-B08F-CC8BDDA63C67}.Release|Any CPU.Build.0 = Release|Any CPU
	EndGlobalSection
	GlobalSection(SolutionProperties) = preSolution
		HideSolutionNode = FALSE
	EndGlobalSection
	GlobalSection(ExtensibilityGlobals) = postSolution
		SolutionGuid = {54C466D9-4619-4944-BEA3-9B28A98045AC}
	EndGlobalSection
EndGlobal
